// !$*UTF8*$!
{
	archiveVersion = 1;
	classes = {
	};
	objectVersion = 51;
	objects = {

/* Begin PBXBuildFile section */
		0247288FFD7E72AF34F89AE7 /* Pods_sample_appTests.framework in Frameworks */ = {isa = PBXBuildFile; fileRef = 89FCCA89B633368FF3679E1A /* Pods_sample_appTests.framework */; };
		1A1CE1BA25615F2400A7966E /* CollectionViewCell.swift in Sources */ = {isa = PBXBuildFile; fileRef = 1A1CE1B925615F2400A7966E /* CollectionViewCell.swift */; };
		1A1CE1BF2561603800A7966E /* DummyData.swift in Sources */ = {isa = PBXBuildFile; fileRef = 1A1CE1BE2561603800A7966E /* DummyData.swift */; };
		1A1CE1F52561BF3B00A7966E /* DetailViewController.swift in Sources */ = {isa = PBXBuildFile; fileRef = 1A1CE1F42561BF3B00A7966E /* DetailViewController.swift */; };
		1A1CE2E42561C65000A7966E /* PaymentViewController.swift in Sources */ = {isa = PBXBuildFile; fileRef = 1A1CE2E32561C65000A7966E /* PaymentViewController.swift */; };
		3A4AEDBDE7C11C317DAC893C /* Pods_sample_appUITests.framework in Frameworks */ = {isa = PBXBuildFile; fileRef = 938749251B8D6EF93BA31C1B /* Pods_sample_appUITests.framework */; };
		689EB56987376CE33EA22DB2 /* Pods_sample_app.framework in Frameworks */ = {isa = PBXBuildFile; fileRef = E91B9FA607391A503814FFC6 /* Pods_sample_app.framework */; };
		B0582E9723F1BD9E0068A2D3 /* AppDelegate.swift in Sources */ = {isa = PBXBuildFile; fileRef = B0582E9623F1BD9E0068A2D3 /* AppDelegate.swift */; };
		B0582E9923F1BD9E0068A2D3 /* SceneDelegate.swift in Sources */ = {isa = PBXBuildFile; fileRef = B0582E9823F1BD9E0068A2D3 /* SceneDelegate.swift */; };
		B0582E9B23F1BD9E0068A2D3 /* FirstViewController.swift in Sources */ = {isa = PBXBuildFile; fileRef = B0582E9A23F1BD9E0068A2D3 /* FirstViewController.swift */; };
		B0582EA023F1BD9E0068A2D3 /* Main.storyboard in Resources */ = {isa = PBXBuildFile; fileRef = B0582E9E23F1BD9E0068A2D3 /* Main.storyboard */; };
		B0582EA223F1BDA10068A2D3 /* Assets.xcassets in Resources */ = {isa = PBXBuildFile; fileRef = B0582EA123F1BDA10068A2D3 /* Assets.xcassets */; };
		B0582EA523F1BDA10068A2D3 /* LaunchScreen.storyboard in Resources */ = {isa = PBXBuildFile; fileRef = B0582EA323F1BDA10068A2D3 /* LaunchScreen.storyboard */; };
		B0582EB023F1BDA20068A2D3 /* sample_appTests.swift in Sources */ = {isa = PBXBuildFile; fileRef = B0582EAF23F1BDA20068A2D3 /* sample_appTests.swift */; };
		B0582EBB23F1BDA20068A2D3 /* sample_appUITests.swift in Sources */ = {isa = PBXBuildFile; fileRef = B0582EBA23F1BDA20068A2D3 /* sample_appUITests.swift */; };
/* End PBXBuildFile section */

/* Begin PBXContainerItemProxy section */
		B0582EAC23F1BDA20068A2D3 /* PBXContainerItemProxy */ = {
			isa = PBXContainerItemProxy;
			containerPortal = B0582E8B23F1BD9E0068A2D3 /* Project object */;
			proxyType = 1;
			remoteGlobalIDString = B0582E9223F1BD9E0068A2D3;
			remoteInfo = "sample-app";
		};
		B0582EB723F1BDA20068A2D3 /* PBXContainerItemProxy */ = {
			isa = PBXContainerItemProxy;
			containerPortal = B0582E8B23F1BD9E0068A2D3 /* Project object */;
			proxyType = 1;
			remoteGlobalIDString = B0582E9223F1BD9E0068A2D3;
			remoteInfo = "sample-app";
		};
/* End PBXContainerItemProxy section */

/* Begin PBXFileReference section */
		051DD4F9B0B24DE4C691F131 /* Pods-sample-appTests.release.xcconfig */ = {isa = PBXFileReference; includeInIndex = 1; lastKnownFileType = text.xcconfig; name = "Pods-sample-appTests.release.xcconfig"; path = "Pods/Target Support Files/Pods-sample-appTests/Pods-sample-appTests.release.xcconfig"; sourceTree = "<group>"; };
		12C8F75286A4D9315570BF39 /* Pods-sample-app.debug.xcconfig */ = {isa = PBXFileReference; includeInIndex = 1; lastKnownFileType = text.xcconfig; name = "Pods-sample-app.debug.xcconfig"; path = "Pods/Target Support Files/Pods-sample-app/Pods-sample-app.debug.xcconfig"; sourceTree = "<group>"; };
		1A1CE1B925615F2400A7966E /* CollectionViewCell.swift */ = {isa = PBXFileReference; lastKnownFileType = sourcecode.swift; path = CollectionViewCell.swift; sourceTree = "<group>"; };
		1A1CE1BE2561603800A7966E /* DummyData.swift */ = {isa = PBXFileReference; lastKnownFileType = sourcecode.swift; path = DummyData.swift; sourceTree = "<group>"; };
		1A1CE1F42561BF3B00A7966E /* DetailViewController.swift */ = {isa = PBXFileReference; lastKnownFileType = sourcecode.swift; path = DetailViewController.swift; sourceTree = "<group>"; };
		1A1CE2E32561C65000A7966E /* PaymentViewController.swift */ = {isa = PBXFileReference; lastKnownFileType = sourcecode.swift; path = PaymentViewController.swift; sourceTree = "<group>"; };
		5EA8E84578892A883264B8B3 /* Pods-sample-appUITests.release.xcconfig */ = {isa = PBXFileReference; includeInIndex = 1; lastKnownFileType = text.xcconfig; name = "Pods-sample-appUITests.release.xcconfig"; path = "Pods/Target Support Files/Pods-sample-appUITests/Pods-sample-appUITests.release.xcconfig"; sourceTree = "<group>"; };
		608ECE411228878ED2FAAAE8 /* Pods-sample-appTests.debug.xcconfig */ = {isa = PBXFileReference; includeInIndex = 1; lastKnownFileType = text.xcconfig; name = "Pods-sample-appTests.debug.xcconfig"; path = "Pods/Target Support Files/Pods-sample-appTests/Pods-sample-appTests.debug.xcconfig"; sourceTree = "<group>"; };
		89FCCA89B633368FF3679E1A /* Pods_sample_appTests.framework */ = {isa = PBXFileReference; explicitFileType = wrapper.framework; includeInIndex = 0; path = Pods_sample_appTests.framework; sourceTree = BUILT_PRODUCTS_DIR; };
		938749251B8D6EF93BA31C1B /* Pods_sample_appUITests.framework */ = {isa = PBXFileReference; explicitFileType = wrapper.framework; includeInIndex = 0; path = Pods_sample_appUITests.framework; sourceTree = BUILT_PRODUCTS_DIR; };
		9D456116120A3380773454A5 /* Pods-sample-app.release.xcconfig */ = {isa = PBXFileReference; includeInIndex = 1; lastKnownFileType = text.xcconfig; name = "Pods-sample-app.release.xcconfig"; path = "Pods/Target Support Files/Pods-sample-app/Pods-sample-app.release.xcconfig"; sourceTree = "<group>"; };
		A0E2E19BD0619AB961157AB9 /* Pods-sample-appUITests.debug.xcconfig */ = {isa = PBXFileReference; includeInIndex = 1; lastKnownFileType = text.xcconfig; name = "Pods-sample-appUITests.debug.xcconfig"; path = "Pods/Target Support Files/Pods-sample-appUITests/Pods-sample-appUITests.debug.xcconfig"; sourceTree = "<group>"; };
		B0582E9323F1BD9E0068A2D3 /* sample-app.app */ = {isa = PBXFileReference; explicitFileType = wrapper.application; includeInIndex = 0; path = "sample-app.app"; sourceTree = BUILT_PRODUCTS_DIR; };
		B0582E9623F1BD9E0068A2D3 /* AppDelegate.swift */ = {isa = PBXFileReference; lastKnownFileType = sourcecode.swift; path = AppDelegate.swift; sourceTree = "<group>"; };
		B0582E9823F1BD9E0068A2D3 /* SceneDelegate.swift */ = {isa = PBXFileReference; lastKnownFileType = sourcecode.swift; path = SceneDelegate.swift; sourceTree = "<group>"; };
		B0582E9A23F1BD9E0068A2D3 /* FirstViewController.swift */ = {isa = PBXFileReference; lastKnownFileType = sourcecode.swift; path = FirstViewController.swift; sourceTree = "<group>"; };
		B0582E9F23F1BD9E0068A2D3 /* Base */ = {isa = PBXFileReference; lastKnownFileType = file.storyboard; name = Base; path = Base.lproj/Main.storyboard; sourceTree = "<group>"; };
		B0582EA123F1BDA10068A2D3 /* Assets.xcassets */ = {isa = PBXFileReference; lastKnownFileType = folder.assetcatalog; path = Assets.xcassets; sourceTree = "<group>"; };
		B0582EA423F1BDA10068A2D3 /* Base */ = {isa = PBXFileReference; lastKnownFileType = file.storyboard; name = Base; path = Base.lproj/LaunchScreen.storyboard; sourceTree = "<group>"; };
		B0582EA623F1BDA10068A2D3 /* Info.plist */ = {isa = PBXFileReference; lastKnownFileType = text.plist.xml; path = Info.plist; sourceTree = "<group>"; };
		B0582EAB23F1BDA20068A2D3 /* sample-appTests.xctest */ = {isa = PBXFileReference; explicitFileType = wrapper.cfbundle; includeInIndex = 0; path = "sample-appTests.xctest"; sourceTree = BUILT_PRODUCTS_DIR; };
		B0582EAF23F1BDA20068A2D3 /* sample_appTests.swift */ = {isa = PBXFileReference; lastKnownFileType = sourcecode.swift; path = sample_appTests.swift; sourceTree = "<group>"; };
		B0582EB123F1BDA20068A2D3 /* Info.plist */ = {isa = PBXFileReference; lastKnownFileType = text.plist.xml; path = Info.plist; sourceTree = "<group>"; };
		B0582EB623F1BDA20068A2D3 /* sample-appUITests.xctest */ = {isa = PBXFileReference; explicitFileType = wrapper.cfbundle; includeInIndex = 0; path = "sample-appUITests.xctest"; sourceTree = BUILT_PRODUCTS_DIR; };
		B0582EBA23F1BDA20068A2D3 /* sample_appUITests.swift */ = {isa = PBXFileReference; lastKnownFileType = sourcecode.swift; path = sample_appUITests.swift; sourceTree = "<group>"; };
		B0582EBC23F1BDA20068A2D3 /* Info.plist */ = {isa = PBXFileReference; lastKnownFileType = text.plist.xml; path = Info.plist; sourceTree = "<group>"; };
		E91B9FA607391A503814FFC6 /* Pods_sample_app.framework */ = {isa = PBXFileReference; explicitFileType = wrapper.framework; includeInIndex = 0; path = Pods_sample_app.framework; sourceTree = BUILT_PRODUCTS_DIR; };
/* End PBXFileReference section */

/* Begin PBXFrameworksBuildPhase section */
		B0582E9023F1BD9E0068A2D3 /* Frameworks */ = {
			isa = PBXFrameworksBuildPhase;
			buildActionMask = 2147483647;
			files = (
				689EB56987376CE33EA22DB2 /* Pods_sample_app.framework in Frameworks */,
			);
			runOnlyForDeploymentPostprocessing = 0;
		};
		B0582EA823F1BDA20068A2D3 /* Frameworks */ = {
			isa = PBXFrameworksBuildPhase;
			buildActionMask = 2147483647;
			files = (
				0247288FFD7E72AF34F89AE7 /* Pods_sample_appTests.framework in Frameworks */,
			);
			runOnlyForDeploymentPostprocessing = 0;
		};
		B0582EB323F1BDA20068A2D3 /* Frameworks */ = {
			isa = PBXFrameworksBuildPhase;
			buildActionMask = 2147483647;
			files = (
				3A4AEDBDE7C11C317DAC893C /* Pods_sample_appUITests.framework in Frameworks */,
			);
			runOnlyForDeploymentPostprocessing = 0;
		};
/* End PBXFrameworksBuildPhase section */

/* Begin PBXGroup section */
		0E9D271B6DEA6405F8F70C98 /* Frameworks */ = {
			isa = PBXGroup;
			children = (
				E91B9FA607391A503814FFC6 /* Pods_sample_app.framework */,
				89FCCA89B633368FF3679E1A /* Pods_sample_appTests.framework */,
				938749251B8D6EF93BA31C1B /* Pods_sample_appUITests.framework */,
			);
			name = Frameworks;
			sourceTree = "<group>";
		};
		97785EBF6BDCE34CC0120D48 /* Pods */ = {
			isa = PBXGroup;
			children = (
				12C8F75286A4D9315570BF39 /* Pods-sample-app.debug.xcconfig */,
				9D456116120A3380773454A5 /* Pods-sample-app.release.xcconfig */,
				608ECE411228878ED2FAAAE8 /* Pods-sample-appTests.debug.xcconfig */,
				051DD4F9B0B24DE4C691F131 /* Pods-sample-appTests.release.xcconfig */,
				A0E2E19BD0619AB961157AB9 /* Pods-sample-appUITests.debug.xcconfig */,
				5EA8E84578892A883264B8B3 /* Pods-sample-appUITests.release.xcconfig */,
			);
			name = Pods;
			sourceTree = "<group>";
		};
		B0582E8A23F1BD9E0068A2D3 = {
			isa = PBXGroup;
			children = (
				B0582E9523F1BD9E0068A2D3 /* sample-app */,
				B0582EAE23F1BDA20068A2D3 /* sample-appTests */,
				B0582EB923F1BDA20068A2D3 /* sample-appUITests */,
				B0582E9423F1BD9E0068A2D3 /* Products */,
				97785EBF6BDCE34CC0120D48 /* Pods */,
				0E9D271B6DEA6405F8F70C98 /* Frameworks */,
			);
			sourceTree = "<group>";
		};
		B0582E9423F1BD9E0068A2D3 /* Products */ = {
			isa = PBXGroup;
			children = (
				B0582E9323F1BD9E0068A2D3 /* sample-app.app */,
				B0582EAB23F1BDA20068A2D3 /* sample-appTests.xctest */,
				B0582EB623F1BDA20068A2D3 /* sample-appUITests.xctest */,
			);
			name = Products;
			sourceTree = "<group>";
		};
		B0582E9523F1BD9E0068A2D3 /* sample-app */ = {
			isa = PBXGroup;
			children = (
				B0582E9623F1BD9E0068A2D3 /* AppDelegate.swift */,
				B0582E9823F1BD9E0068A2D3 /* SceneDelegate.swift */,
				B0582E9A23F1BD9E0068A2D3 /* FirstViewController.swift */,
				B0582E9E23F1BD9E0068A2D3 /* Main.storyboard */,
				B0582EA123F1BDA10068A2D3 /* Assets.xcassets */,
				B0582EA323F1BDA10068A2D3 /* LaunchScreen.storyboard */,
				B0582EA623F1BDA10068A2D3 /* Info.plist */,
				1A1CE1B925615F2400A7966E /* CollectionViewCell.swift */,
				1A1CE1BE2561603800A7966E /* DummyData.swift */,
				1A1CE1F42561BF3B00A7966E /* DetailViewController.swift */,
				1A1CE2E32561C65000A7966E /* PaymentViewController.swift */,
			);
			path = "sample-app";
			sourceTree = "<group>";
		};
		B0582EAE23F1BDA20068A2D3 /* sample-appTests */ = {
			isa = PBXGroup;
			children = (
				B0582EAF23F1BDA20068A2D3 /* sample_appTests.swift */,
				B0582EB123F1BDA20068A2D3 /* Info.plist */,
			);
			path = "sample-appTests";
			sourceTree = "<group>";
		};
		B0582EB923F1BDA20068A2D3 /* sample-appUITests */ = {
			isa = PBXGroup;
			children = (
				B0582EBA23F1BDA20068A2D3 /* sample_appUITests.swift */,
				B0582EBC23F1BDA20068A2D3 /* Info.plist */,
			);
			path = "sample-appUITests";
			sourceTree = "<group>";
		};
/* End PBXGroup section */

/* Begin PBXNativeTarget section */
		B0582E9223F1BD9E0068A2D3 /* sample-app */ = {
			isa = PBXNativeTarget;
			buildConfigurationList = B0582EBF23F1BDA20068A2D3 /* Build configuration list for PBXNativeTarget "sample-app" */;
			buildPhases = (
				39002AA9BC57111FDF0CAEE6 /* [CP] Check Pods Manifest.lock */,
				B0582E8F23F1BD9E0068A2D3 /* Sources */,
				B0582E9023F1BD9E0068A2D3 /* Frameworks */,
				B0582E9123F1BD9E0068A2D3 /* Resources */,
				B3E379BDFD925D1C61D240E3 /* [CP] Embed Pods Frameworks */,
			);
			buildRules = (
			);
			dependencies = (
			);
			name = "sample-app";
			productName = "sample-app";
			productReference = B0582E9323F1BD9E0068A2D3 /* sample-app.app */;
			productType = "com.apple.product-type.application";
		};
		B0582EAA23F1BDA20068A2D3 /* sample-appTests */ = {
			isa = PBXNativeTarget;
			buildConfigurationList = B0582EC223F1BDA20068A2D3 /* Build configuration list for PBXNativeTarget "sample-appTests" */;
			buildPhases = (
				50924F280D3348178DDFB2CF /* [CP] Check Pods Manifest.lock */,
				B0582EA723F1BDA20068A2D3 /* Sources */,
				B0582EA823F1BDA20068A2D3 /* Frameworks */,
				B0582EA923F1BDA20068A2D3 /* Resources */,
			);
			buildRules = (
			);
			dependencies = (
				B0582EAD23F1BDA20068A2D3 /* PBXTargetDependency */,
			);
			name = "sample-appTests";
			productName = "sample-appTests";
			productReference = B0582EAB23F1BDA20068A2D3 /* sample-appTests.xctest */;
			productType = "com.apple.product-type.bundle.unit-test";
		};
		B0582EB523F1BDA20068A2D3 /* sample-appUITests */ = {
			isa = PBXNativeTarget;
			buildConfigurationList = B0582EC523F1BDA20068A2D3 /* Build configuration list for PBXNativeTarget "sample-appUITests" */;
			buildPhases = (
				C111A24F43C56DA621589F75 /* [CP] Check Pods Manifest.lock */,
				B0582EB223F1BDA20068A2D3 /* Sources */,
				B0582EB323F1BDA20068A2D3 /* Frameworks */,
				B0582EB423F1BDA20068A2D3 /* Resources */,
			);
			buildRules = (
			);
			dependencies = (
				B0582EB823F1BDA20068A2D3 /* PBXTargetDependency */,
			);
			name = "sample-appUITests";
			productName = "sample-appUITests";
			productReference = B0582EB623F1BDA20068A2D3 /* sample-appUITests.xctest */;
			productType = "com.apple.product-type.bundle.ui-testing";
		};
/* End PBXNativeTarget section */

/* Begin PBXProject section */
		B0582E8B23F1BD9E0068A2D3 /* Project object */ = {
			isa = PBXProject;
			attributes = {
				LastSwiftUpdateCheck = 1130;
				LastUpgradeCheck = 1130;
				ORGANIZATIONNAME = "Kuassi Jimmy ";
				TargetAttributes = {
					B0582E9223F1BD9E0068A2D3 = {
						CreatedOnToolsVersion = 11.3.1;
					};
					B0582EAA23F1BDA20068A2D3 = {
						CreatedOnToolsVersion = 11.3.1;
						TestTargetID = B0582E9223F1BD9E0068A2D3;
					};
					B0582EB523F1BDA20068A2D3 = {
						CreatedOnToolsVersion = 11.3.1;
						TestTargetID = B0582E9223F1BD9E0068A2D3;
					};
				};
			};
			buildConfigurationList = B0582E8E23F1BD9E0068A2D3 /* Build configuration list for PBXProject "Marketplace iOS" */;
			compatibilityVersion = "Xcode 9.3";
			developmentRegion = en;
			hasScannedForEncodings = 0;
			knownRegions = (
				en,
				Base,
			);
			mainGroup = B0582E8A23F1BD9E0068A2D3;
			productRefGroup = B0582E9423F1BD9E0068A2D3 /* Products */;
			projectDirPath = "";
			projectRoot = "";
			targets = (
				B0582E9223F1BD9E0068A2D3 /* sample-app */,
				B0582EAA23F1BDA20068A2D3 /* sample-appTests */,
				B0582EB523F1BDA20068A2D3 /* sample-appUITests */,
			);
		};
/* End PBXProject section */

/* Begin PBXResourcesBuildPhase section */
		B0582E9123F1BD9E0068A2D3 /* Resources */ = {
			isa = PBXResourcesBuildPhase;
			buildActionMask = 2147483647;
			files = (
				B0582EA523F1BDA10068A2D3 /* LaunchScreen.storyboard in Resources */,
				B0582EA223F1BDA10068A2D3 /* Assets.xcassets in Resources */,
				B0582EA023F1BD9E0068A2D3 /* Main.storyboard in Resources */,
			);
			runOnlyForDeploymentPostprocessing = 0;
		};
		B0582EA923F1BDA20068A2D3 /* Resources */ = {
			isa = PBXResourcesBuildPhase;
			buildActionMask = 2147483647;
			files = (
			);
			runOnlyForDeploymentPostprocessing = 0;
		};
		B0582EB423F1BDA20068A2D3 /* Resources */ = {
			isa = PBXResourcesBuildPhase;
			buildActionMask = 2147483647;
			files = (
			);
			runOnlyForDeploymentPostprocessing = 0;
		};
/* End PBXResourcesBuildPhase section */

/* Begin PBXShellScriptBuildPhase section */
		39002AA9BC57111FDF0CAEE6 /* [CP] Check Pods Manifest.lock */ = {
			isa = PBXShellScriptBuildPhase;
			buildActionMask = 2147483647;
			files = (
			);
			inputFileListPaths = (
			);
			inputPaths = (
				"${PODS_PODFILE_DIR_PATH}/Podfile.lock",
				"${PODS_ROOT}/Manifest.lock",
			);
			name = "[CP] Check Pods Manifest.lock";
			outputFileListPaths = (
			);
			outputPaths = (
				"$(DERIVED_FILE_DIR)/Pods-sample-app-checkManifestLockResult.txt",
			);
			runOnlyForDeploymentPostprocessing = 0;
			shellPath = /bin/sh;
			shellScript = "diff \"${PODS_PODFILE_DIR_PATH}/Podfile.lock\" \"${PODS_ROOT}/Manifest.lock\" > /dev/null\nif [ $? != 0 ] ; then\n    # print error to STDERR\n    echo \"error: The sandbox is not in sync with the Podfile.lock. Run 'pod install' or update your CocoaPods installation.\" >&2\n    exit 1\nfi\n# This output is used by Xcode 'outputs' to avoid re-running this script phase.\necho \"SUCCESS\" > \"${SCRIPT_OUTPUT_FILE_0}\"\n";
			showEnvVarsInLog = 0;
		};
		50924F280D3348178DDFB2CF /* [CP] Check Pods Manifest.lock */ = {
			isa = PBXShellScriptBuildPhase;
			buildActionMask = 2147483647;
			files = (
			);
			inputFileListPaths = (
			);
			inputPaths = (
				"${PODS_PODFILE_DIR_PATH}/Podfile.lock",
				"${PODS_ROOT}/Manifest.lock",
			);
			name = "[CP] Check Pods Manifest.lock";
			outputFileListPaths = (
			);
			outputPaths = (
				"$(DERIVED_FILE_DIR)/Pods-sample-appTests-checkManifestLockResult.txt",
			);
			runOnlyForDeploymentPostprocessing = 0;
			shellPath = /bin/sh;
			shellScript = "diff \"${PODS_PODFILE_DIR_PATH}/Podfile.lock\" \"${PODS_ROOT}/Manifest.lock\" > /dev/null\nif [ $? != 0 ] ; then\n    # print error to STDERR\n    echo \"error: The sandbox is not in sync with the Podfile.lock. Run 'pod install' or update your CocoaPods installation.\" >&2\n    exit 1\nfi\n# This output is used by Xcode 'outputs' to avoid re-running this script phase.\necho \"SUCCESS\" > \"${SCRIPT_OUTPUT_FILE_0}\"\n";
			showEnvVarsInLog = 0;
		};
		B3E379BDFD925D1C61D240E3 /* [CP] Embed Pods Frameworks */ = {
			isa = PBXShellScriptBuildPhase;
			buildActionMask = 2147483647;
			files = (
			);
			inputFileListPaths = (
				"${PODS_ROOT}/Target Support Files/Pods-sample-app/Pods-sample-app-frameworks-${CONFIGURATION}-input-files.xcfilelist",
			);
			name = "[CP] Embed Pods Frameworks";
			outputFileListPaths = (
				"${PODS_ROOT}/Target Support Files/Pods-sample-app/Pods-sample-app-frameworks-${CONFIGURATION}-output-files.xcfilelist",
			);
			runOnlyForDeploymentPostprocessing = 0;
			shellPath = /bin/sh;
			shellScript = "\"${PODS_ROOT}/Target Support Files/Pods-sample-app/Pods-sample-app-frameworks.sh\"\n";
			showEnvVarsInLog = 0;
		};
		C111A24F43C56DA621589F75 /* [CP] Check Pods Manifest.lock */ = {
			isa = PBXShellScriptBuildPhase;
			buildActionMask = 2147483647;
			files = (
			);
			inputFileListPaths = (
			);
			inputPaths = (
				"${PODS_PODFILE_DIR_PATH}/Podfile.lock",
				"${PODS_ROOT}/Manifest.lock",
			);
			name = "[CP] Check Pods Manifest.lock";
			outputFileListPaths = (
			);
			outputPaths = (
				"$(DERIVED_FILE_DIR)/Pods-sample-appUITests-checkManifestLockResult.txt",
			);
			runOnlyForDeploymentPostprocessing = 0;
			shellPath = /bin/sh;
			shellScript = "diff \"${PODS_PODFILE_DIR_PATH}/Podfile.lock\" \"${PODS_ROOT}/Manifest.lock\" > /dev/null\nif [ $? != 0 ] ; then\n    # print error to STDERR\n    echo \"error: The sandbox is not in sync with the Podfile.lock. Run 'pod install' or update your CocoaPods installation.\" >&2\n    exit 1\nfi\n# This output is used by Xcode 'outputs' to avoid re-running this script phase.\necho \"SUCCESS\" > \"${SCRIPT_OUTPUT_FILE_0}\"\n";
			showEnvVarsInLog = 0;
		};
/* End PBXShellScriptBuildPhase section */

/* Begin PBXSourcesBuildPhase section */
		B0582E8F23F1BD9E0068A2D3 /* Sources */ = {
			isa = PBXSourcesBuildPhase;
			buildActionMask = 2147483647;
			files = (
				1A1CE1BF2561603800A7966E /* DummyData.swift in Sources */,
				1A1CE1BA25615F2400A7966E /* CollectionViewCell.swift in Sources */,
				1A1CE2E42561C65000A7966E /* PaymentViewController.swift in Sources */,
				B0582E9B23F1BD9E0068A2D3 /* FirstViewController.swift in Sources */,
				B0582E9723F1BD9E0068A2D3 /* AppDelegate.swift in Sources */,
				B0582E9923F1BD9E0068A2D3 /* SceneDelegate.swift in Sources */,
				1A1CE1F52561BF3B00A7966E /* DetailViewController.swift in Sources */,
			);
			runOnlyForDeploymentPostprocessing = 0;
		};
		B0582EA723F1BDA20068A2D3 /* Sources */ = {
			isa = PBXSourcesBuildPhase;
			buildActionMask = 2147483647;
			files = (
				B0582EB023F1BDA20068A2D3 /* sample_appTests.swift in Sources */,
			);
			runOnlyForDeploymentPostprocessing = 0;
		};
		B0582EB223F1BDA20068A2D3 /* Sources */ = {
			isa = PBXSourcesBuildPhase;
			buildActionMask = 2147483647;
			files = (
				B0582EBB23F1BDA20068A2D3 /* sample_appUITests.swift in Sources */,
			);
			runOnlyForDeploymentPostprocessing = 0;
		};
/* End PBXSourcesBuildPhase section */

/* Begin PBXTargetDependency section */
		B0582EAD23F1BDA20068A2D3 /* PBXTargetDependency */ = {
			isa = PBXTargetDependency;
			target = B0582E9223F1BD9E0068A2D3 /* sample-app */;
			targetProxy = B0582EAC23F1BDA20068A2D3 /* PBXContainerItemProxy */;
		};
		B0582EB823F1BDA20068A2D3 /* PBXTargetDependency */ = {
			isa = PBXTargetDependency;
			target = B0582E9223F1BD9E0068A2D3 /* sample-app */;
			targetProxy = B0582EB723F1BDA20068A2D3 /* PBXContainerItemProxy */;
		};
/* End PBXTargetDependency section */

/* Begin PBXVariantGroup section */
		B0582E9E23F1BD9E0068A2D3 /* Main.storyboard */ = {
			isa = PBXVariantGroup;
			children = (
				B0582E9F23F1BD9E0068A2D3 /* Base */,
			);
			name = Main.storyboard;
			sourceTree = "<group>";
		};
		B0582EA323F1BDA10068A2D3 /* LaunchScreen.storyboard */ = {
			isa = PBXVariantGroup;
			children = (
				B0582EA423F1BDA10068A2D3 /* Base */,
			);
			name = LaunchScreen.storyboard;
			sourceTree = "<group>";
		};
/* End PBXVariantGroup section */

/* Begin XCBuildConfiguration section */
		B0582EBD23F1BDA20068A2D3 /* Debug */ = {
			isa = XCBuildConfiguration;
			buildSettings = {
				ALWAYS_SEARCH_USER_PATHS = NO;
				CLANG_ANALYZER_NONNULL = YES;
				CLANG_ANALYZER_NUMBER_OBJECT_CONVERSION = YES_AGGRESSIVE;
				CLANG_CXX_LANGUAGE_STANDARD = "gnu++14";
				CLANG_CXX_LIBRARY = "libc++";
				CLANG_ENABLE_MODULES = YES;
				CLANG_ENABLE_OBJC_ARC = YES;
				CLANG_ENABLE_OBJC_WEAK = YES;
				CLANG_WARN_BLOCK_CAPTURE_AUTORELEASING = YES;
				CLANG_WARN_BOOL_CONVERSION = YES;
				CLANG_WARN_COMMA = YES;
				CLANG_WARN_CONSTANT_CONVERSION = YES;
				CLANG_WARN_DEPRECATED_OBJC_IMPLEMENTATIONS = YES;
				CLANG_WARN_DIRECT_OBJC_ISA_USAGE = YES_ERROR;
				CLANG_WARN_DOCUMENTATION_COMMENTS = YES;
				CLANG_WARN_EMPTY_BODY = YES;
				CLANG_WARN_ENUM_CONVERSION = YES;
				CLANG_WARN_INFINITE_RECURSION = YES;
				CLANG_WARN_INT_CONVERSION = YES;
				CLANG_WARN_NON_LITERAL_NULL_CONVERSION = YES;
				CLANG_WARN_OBJC_IMPLICIT_RETAIN_SELF = YES;
				CLANG_WARN_OBJC_LITERAL_CONVERSION = YES;
				CLANG_WARN_OBJC_ROOT_CLASS = YES_ERROR;
				CLANG_WARN_RANGE_LOOP_ANALYSIS = YES;
				CLANG_WARN_STRICT_PROTOTYPES = YES;
				CLANG_WARN_SUSPICIOUS_MOVE = YES;
				CLANG_WARN_UNGUARDED_AVAILABILITY = YES_AGGRESSIVE;
				CLANG_WARN_UNREACHABLE_CODE = YES;
				CLANG_WARN__DUPLICATE_METHOD_MATCH = YES;
				COPY_PHASE_STRIP = NO;
				DEBUG_INFORMATION_FORMAT = dwarf;
				ENABLE_STRICT_OBJC_MSGSEND = YES;
				ENABLE_TESTABILITY = YES;
				GCC_C_LANGUAGE_STANDARD = gnu11;
				GCC_DYNAMIC_NO_PIC = NO;
				GCC_NO_COMMON_BLOCKS = YES;
				GCC_OPTIMIZATION_LEVEL = 0;
				GCC_PREPROCESSOR_DEFINITIONS = (
					"DEBUG=1",
					"$(inherited)",
				);
				GCC_WARN_64_TO_32_BIT_CONVERSION = YES;
				GCC_WARN_ABOUT_RETURN_TYPE = YES_ERROR;
				GCC_WARN_UNDECLARED_SELECTOR = YES;
				GCC_WARN_UNINITIALIZED_AUTOS = YES_AGGRESSIVE;
				GCC_WARN_UNUSED_FUNCTION = YES;
				GCC_WARN_UNUSED_VARIABLE = YES;
				IPHONEOS_DEPLOYMENT_TARGET = 13.2;
				MTL_ENABLE_DEBUG_INFO = INCLUDE_SOURCE;
				MTL_FAST_MATH = YES;
				ONLY_ACTIVE_ARCH = YES;
				SDKROOT = iphoneos;
				SWIFT_ACTIVE_COMPILATION_CONDITIONS = DEBUG;
				SWIFT_OPTIMIZATION_LEVEL = "-Onone";
			};
			name = Debug;
		};
		B0582EBE23F1BDA20068A2D3 /* Release */ = {
			isa = XCBuildConfiguration;
			buildSettings = {
				ALWAYS_SEARCH_USER_PATHS = NO;
				CLANG_ANALYZER_NONNULL = YES;
				CLANG_ANALYZER_NUMBER_OBJECT_CONVERSION = YES_AGGRESSIVE;
				CLANG_CXX_LANGUAGE_STANDARD = "gnu++14";
				CLANG_CXX_LIBRARY = "libc++";
				CLANG_ENABLE_MODULES = YES;
				CLANG_ENABLE_OBJC_ARC = YES;
				CLANG_ENABLE_OBJC_WEAK = YES;
				CLANG_WARN_BLOCK_CAPTURE_AUTORELEASING = YES;
				CLANG_WARN_BOOL_CONVERSION = YES;
				CLANG_WARN_COMMA = YES;
				CLANG_WARN_CONSTANT_CONVERSION = YES;
				CLANG_WARN_DEPRECATED_OBJC_IMPLEMENTATIONS = YES;
				CLANG_WARN_DIRECT_OBJC_ISA_USAGE = YES_ERROR;
				CLANG_WARN_DOCUMENTATION_COMMENTS = YES;
				CLANG_WARN_EMPTY_BODY = YES;
				CLANG_WARN_ENUM_CONVERSION = YES;
				CLANG_WARN_INFINITE_RECURSION = YES;
				CLANG_WARN_INT_CONVERSION = YES;
				CLANG_WARN_NON_LITERAL_NULL_CONVERSION = YES;
				CLANG_WARN_OBJC_IMPLICIT_RETAIN_SELF = YES;
				CLANG_WARN_OBJC_LITERAL_CONVERSION = YES;
				CLANG_WARN_OBJC_ROOT_CLASS = YES_ERROR;
				CLANG_WARN_RANGE_LOOP_ANALYSIS = YES;
				CLANG_WARN_STRICT_PROTOTYPES = YES;
				CLANG_WARN_SUSPICIOUS_MOVE = YES;
				CLANG_WARN_UNGUARDED_AVAILABILITY = YES_AGGRESSIVE;
				CLANG_WARN_UNREACHABLE_CODE = YES;
				CLANG_WARN__DUPLICATE_METHOD_MATCH = YES;
				COPY_PHASE_STRIP = NO;
				DEBUG_INFORMATION_FORMAT = "dwarf-with-dsym";
				ENABLE_NS_ASSERTIONS = NO;
				ENABLE_STRICT_OBJC_MSGSEND = YES;
				GCC_C_LANGUAGE_STANDARD = gnu11;
				GCC_NO_COMMON_BLOCKS = YES;
				GCC_WARN_64_TO_32_BIT_CONVERSION = YES;
				GCC_WARN_ABOUT_RETURN_TYPE = YES_ERROR;
				GCC_WARN_UNDECLARED_SELECTOR = YES;
				GCC_WARN_UNINITIALIZED_AUTOS = YES_AGGRESSIVE;
				GCC_WARN_UNUSED_FUNCTION = YES;
				GCC_WARN_UNUSED_VARIABLE = YES;
				IPHONEOS_DEPLOYMENT_TARGET = 13.2;
				MTL_ENABLE_DEBUG_INFO = NO;
				MTL_FAST_MATH = YES;
				SDKROOT = iphoneos;
				SWIFT_COMPILATION_MODE = wholemodule;
				SWIFT_OPTIMIZATION_LEVEL = "-O";
				VALIDATE_PRODUCT = YES;
			};
			name = Release;
		};
		B0582EC023F1BDA20068A2D3 /* Debug */ = {
			isa = XCBuildConfiguration;
			baseConfigurationReference = 12C8F75286A4D9315570BF39 /* Pods-sample-app.debug.xcconfig */;
			buildSettings = {
				ASSETCATALOG_COMPILER_APPICON_NAME = AppIcon;
				CODE_SIGN_STYLE = Manual;
				DEVELOPMENT_TEAM = "";
				INFOPLIST_FILE = "sample-app/Info.plist";
				LD_RUNPATH_SEARCH_PATHS = (
					"$(inherited)",
					"@executable_path/Frameworks",
				);
				OTHER_LDFLAGS = "-ObjC";
				PRODUCT_BUNDLE_IDENTIFIER = "com.paystack.marketplace-sample-app";
				PRODUCT_NAME = "$(TARGET_NAME)";
				PROVISIONING_PROFILE_SPECIFIER = "";
				SWIFT_VERSION = 5.0;
				TARGETED_DEVICE_FAMILY = "1,2";
			};
			name = Debug;
		};
		B0582EC123F1BDA20068A2D3 /* Release */ = {
			isa = XCBuildConfiguration;
			baseConfigurationReference = 9D456116120A3380773454A5 /* Pods-sample-app.release.xcconfig */;
			buildSettings = {
				ASSETCATALOG_COMPILER_APPICON_NAME = AppIcon;
				CODE_SIGN_STYLE = Manual;
				DEVELOPMENT_TEAM = "";
				INFOPLIST_FILE = "sample-app/Info.plist";
				LD_RUNPATH_SEARCH_PATHS = (
					"$(inherited)",
					"@executable_path/Frameworks",
				);
				OTHER_LDFLAGS = "-ObjC";
				PRODUCT_BUNDLE_IDENTIFIER = "com.paystack.marketplace-sample-app";
				PRODUCT_NAME = "$(TARGET_NAME)";
				PROVISIONING_PROFILE_SPECIFIER = "";
				SWIFT_VERSION = 5.0;
				TARGETED_DEVICE_FAMILY = "1,2";
			};
			name = Release;
		};
		B0582EC323F1BDA20068A2D3 /* Debug */ = {
			isa = XCBuildConfiguration;
			baseConfigurationReference = 608ECE411228878ED2FAAAE8 /* Pods-sample-appTests.debug.xcconfig */;
			buildSettings = {
				ALWAYS_EMBED_SWIFT_STANDARD_LIBRARIES = YES;
				BUNDLE_LOADER = "$(TEST_HOST)";
				CODE_SIGN_STYLE = Automatic;
				INFOPLIST_FILE = "sample-appTests/Info.plist";
				IPHONEOS_DEPLOYMENT_TARGET = 13.2;
				LD_RUNPATH_SEARCH_PATHS = (
					"$(inherited)",
					"@executable_path/Frameworks",
					"@loader_path/Frameworks",
				);
				PRODUCT_BUNDLE_IDENTIFIER = "com.paystack.sample-appTests";
				PRODUCT_NAME = "$(TARGET_NAME)";
				SWIFT_VERSION = 5.0;
				TARGETED_DEVICE_FAMILY = "1,2";
				TEST_HOST = "$(BUILT_PRODUCTS_DIR)/sample-app.app/sample-app";
			};
			name = Debug;
		};
		B0582EC423F1BDA20068A2D3 /* Release */ = {
			isa = XCBuildConfiguration;
			baseConfigurationReference = 051DD4F9B0B24DE4C691F131 /* Pods-sample-appTests.release.xcconfig */;
			buildSettings = {
				ALWAYS_EMBED_SWIFT_STANDARD_LIBRARIES = YES;
				BUNDLE_LOADER = "$(TEST_HOST)";
				CODE_SIGN_STYLE = Automatic;
				INFOPLIST_FILE = "sample-appTests/Info.plist";
				IPHONEOS_DEPLOYMENT_TARGET = 13.2;
				LD_RUNPATH_SEARCH_PATHS = (
					"$(inherited)",
					"@executable_path/Frameworks",
					"@loader_path/Frameworks",
				);
				PRODUCT_BUNDLE_IDENTIFIER = "com.paystack.sample-appTests";
				PRODUCT_NAME = "$(TARGET_NAME)";
				SWIFT_VERSION = 5.0;
				TARGETED_DEVICE_FAMILY = "1,2";
				TEST_HOST = "$(BUILT_PRODUCTS_DIR)/sample-app.app/sample-app";
			};
			name = Release;
		};
		B0582EC623F1BDA20068A2D3 /* Debug */ = {
			isa = XCBuildConfiguration;
			baseConfigurationReference = A0E2E19BD0619AB961157AB9 /* Pods-sample-appUITests.debug.xcconfig */;
			buildSettings = {
				ALWAYS_EMBED_SWIFT_STANDARD_LIBRARIES = YES;
				CODE_SIGN_STYLE = Automatic;
				INFOPLIST_FILE = "sample-appUITests/Info.plist";
				LD_RUNPATH_SEARCH_PATHS = (
					"$(inherited)",
					"@executable_path/Frameworks",
					"@loader_path/Frameworks",
				);
				PRODUCT_BUNDLE_IDENTIFIER = "com.paystack.sample-appUITests";
				PRODUCT_NAME = "$(TARGET_NAME)";
				SWIFT_VERSION = 5.0;
				TARGETED_DEVICE_FAMILY = "1,2";
				TEST_TARGET_NAME = "sample-app";
			};
			name = Debug;
		};
		B0582EC723F1BDA20068A2D3 /* Release */ = {
			isa = XCBuildConfiguration;
			baseConfigurationReference = 5EA8E84578892A883264B8B3 /* Pods-sample-appUITests.release.xcconfig */;
			buildSettings = {
				ALWAYS_EMBED_SWIFT_STANDARD_LIBRARIES = YES;
				CODE_SIGN_STYLE = Automatic;
				INFOPLIST_FILE = "sample-appUITests/Info.plist";
				LD_RUNPATH_SEARCH_PATHS = (
					"$(inherited)",
					"@executable_path/Frameworks",
					"@loader_path/Frameworks",
				);
				PRODUCT_BUNDLE_IDENTIFIER = "com.paystack.sample-appUITests";
				PRODUCT_NAME = "$(TARGET_NAME)";
				SWIFT_VERSION = 5.0;
				TARGETED_DEVICE_FAMILY = "1,2";
				TEST_TARGET_NAME = "sample-app";
			};
			name = Release;
		};
/* End XCBuildConfiguration section */

/* Begin XCConfigurationList section */
		B0582E8E23F1BD9E0068A2D3 /* Build configuration list for PBXProject "Marketplace iOS" */ = {
			isa = XCConfigurationList;
			buildConfigurations = (
				B0582EBD23F1BDA20068A2D3 /* Debug */,
				B0582EBE23F1BDA20068A2D3 /* Release */,
			);
			defaultConfigurationIsVisible = 0;
			defaultConfigurationName = Release;
		};
		B0582EBF23F1BDA20068A2D3 /* Build configuration list for PBXNativeTarget "sample-app" */ = {
			isa = XCConfigurationList;
			buildConfigurations = (
				B0582EC023F1BDA20068A2D3 /* Debug */,
				B0582EC123F1BDA20068A2D3 /* Release */,
			);
			defaultConfigurationIsVisible = 0;
			defaultConfigurationName = Release;
		};
		B0582EC223F1BDA20068A2D3 /* Build configuration list for PBXNativeTarget "sample-appTests" */ = {
			isa = XCConfigurationList;
			buildConfigurations = (
				B0582EC323F1BDA20068A2D3 /* Debug */,
				B0582EC423F1BDA20068A2D3 /* Release */,
			);
			defaultConfigurationIsVisible = 0;
			defaultConfigurationName = Release;
		};
		B0582EC523F1BDA20068A2D3 /* Build configuration list for PBXNativeTarget "sample-appUITests" */ = {
			isa = XCConfigurationList;
			buildConfigurations = (
				B0582EC623F1BDA20068A2D3 /* Debug */,
				B0582EC723F1BDA20068A2D3 /* Release */,
			);
			defaultConfigurationIsVisible = 0;
			defaultConfigurationName = Release;
		};
/* End XCConfigurationList section */
	};
	rootObject = B0582E8B23F1BD9E0068A2D3 /* Project object */;
}
